
Microsoft Visual Studio Solution File, Format Version 12.00
# Visual Studio Version 17
VisualStudioVersion = 17.2.32630.192
MinimumVisualStudioVersion = 10.0.40219.1
Project("{FAE04EC0-301F-11D3-BF4B-00C04F79EFBC}") = "TaskList", "TaskList.csproj", "{02813F41-67F0-4729-BA2A-11ED91F4A5CB}"
EndProject
Global
	GlobalSection(SolutionConfigurationPlatforms) = preSolution
		Debug|Any CPU = Debug|Any CPU
		Release|Any CPU = Release|Any CPU
	EndGlobalSection
	GlobalSection(ProjectConfigurationPlatforms) = postSolution
		{02813F41-67F0-4729-BA2A-11ED91F4A5CB}.Debug|Any CPU.ActiveCfg = Debug|Any CPU
		{02813F41-67F0-4729-BA2A-11ED91F4A5CB}.Debug|Any CPU.Build.0 = Debug|Any CPU
		{02813F41-67F0-4729-BA2A-11ED91F4A5CB}.Release|Any CPU.ActiveCfg = Release|Any CPU
		{02813F41-67F0-4729-BA2A-11ED91F4A5CB}.Release|Any CPU.Build.0 = Release|Any CPU
	EndGlobalSection
	GlobalSection(SolutionProperties) = preSolution
		HideSolutionNode = FALSE
	EndGlobalSection
	GlobalSection(ExtensibilityGlobals) = postSolution
		SolutionGuid = {A8073B3E-68DC-4340-9DFB-CD351D574532}
	EndGlobalSection
EndGlobal
